// !$*UTF8*$!
{
	archiveVersion = 1;
	classes = {
	};
	objectVersion = 55;
	objects = {

/* Begin PBXBuildFile section */
		107D6EDF27FD846E0016E35A /* AppDelegate.swift in Sources */ = {isa = PBXBuildFile; fileRef = 107D6EDE27FD846E0016E35A /* AppDelegate.swift */; };
		107D6EE127FD846E0016E35A /* SceneDelegate.swift in Sources */ = {isa = PBXBuildFile; fileRef = 107D6EE027FD846E0016E35A /* SceneDelegate.swift */; };
		107D6EE327FD846E0016E35A /* HomeViewController.swift in Sources */ = {isa = PBXBuildFile; fileRef = 107D6EE227FD846E0016E35A /* HomeViewController.swift */; };
		107D6EE827FD846E0016E35A /* Assets.xcassets in Resources */ = {isa = PBXBuildFile; fileRef = 107D6EE727FD846E0016E35A /* Assets.xcassets */; };
		107D6EEB27FD846E0016E35A /* LaunchScreen.storyboard in Resources */ = {isa = PBXBuildFile; fileRef = 107D6EE927FD846E0016E35A /* LaunchScreen.storyboard */; };
		107D6EF827FD881F0016E35A /* TabBarViewController.swift in Sources */ = {isa = PBXBuildFile; fileRef = 107D6EF727FD881F0016E35A /* TabBarViewController.swift */; };
		107D6EFA27FD88C20016E35A /* SearchViewController.swift in Sources */ = {isa = PBXBuildFile; fileRef = 107D6EF927FD88C10016E35A /* SearchViewController.swift */; };
		107D6EFC27FD88CE0016E35A /* LibraryViewController.swift in Sources */ = {isa = PBXBuildFile; fileRef = 107D6EFB27FD88CE0016E35A /* LibraryViewController.swift */; };
		107D6F0027FD89220016E35A /* AuthViewController.swift in Sources */ = {isa = PBXBuildFile; fileRef = 107D6EFF27FD89220016E35A /* AuthViewController.swift */; };
		107D6F0227FD8ADE0016E35A /* WelcomeViewController.swift in Sources */ = {isa = PBXBuildFile; fileRef = 107D6F0127FD8ADE0016E35A /* WelcomeViewController.swift */; };
		107D6F0427FD8B4A0016E35A /* SettingsViewController.swift in Sources */ = {isa = PBXBuildFile; fileRef = 107D6F0327FD8B4A0016E35A /* SettingsViewController.swift */; };
		107D6F0627FD8B5E0016E35A /* ProfileViewController.swift in Sources */ = {isa = PBXBuildFile; fileRef = 107D6F0527FD8B5E0016E35A /* ProfileViewController.swift */; };
		107D6F0827FD8B6F0016E35A /* PlayerViewController.swift in Sources */ = {isa = PBXBuildFile; fileRef = 107D6F0727FD8B6F0016E35A /* PlayerViewController.swift */; };
		107D6F0A27FD8B950016E35A /* PlaylistViewController.swift in Sources */ = {isa = PBXBuildFile; fileRef = 107D6F0927FD8B950016E35A /* PlaylistViewController.swift */; };
		107D6F0C27FD8BA30016E35A /* SearchResultsViewController.swift in Sources */ = {isa = PBXBuildFile; fileRef = 107D6F0B27FD8BA30016E35A /* SearchResultsViewController.swift */; };
		107D6F0E27FD8BF80016E35A /* AuthService.swift in Sources */ = {isa = PBXBuildFile; fileRef = 107D6F0D27FD8BF80016E35A /* AuthService.swift */; };
		107D6F1027FD8C080016E35A /* APICaller.swift in Sources */ = {isa = PBXBuildFile; fileRef = 107D6F0F27FD8C080016E35A /* APICaller.swift */; };
		107D6F1227FD8C260016E35A /* HapticsManager.swift in Sources */ = {isa = PBXBuildFile; fileRef = 107D6F1127FD8C260016E35A /* HapticsManager.swift */; };
		107D6F1427FD8C9E0016E35A /* Playlist.swift in Sources */ = {isa = PBXBuildFile; fileRef = 107D6F1327FD8C9E0016E35A /* Playlist.swift */; };
		107D6F1627FD8CA60016E35A /* AudioTrack.swift in Sources */ = {isa = PBXBuildFile; fileRef = 107D6F1527FD8CA60016E35A /* AudioTrack.swift */; };
		107D6F1827FD8CC00016E35A /* Artist.swift in Sources */ = {isa = PBXBuildFile; fileRef = 107D6F1727FD8CC00016E35A /* Artist.swift */; };
		107D6F1A27FD8CD00016E35A /* UserProfile.swift in Sources */ = {isa = PBXBuildFile; fileRef = 107D6F1927FD8CD00016E35A /* UserProfile.swift */; };
/* End PBXBuildFile section */

/* Begin PBXFileReference section */
		107D6EDB27FD846E0016E35A /* Spotify.app */ = {isa = PBXFileReference; explicitFileType = wrapper.application; includeInIndex = 0; path = Spotify.app; sourceTree = BUILT_PRODUCTS_DIR; };
		107D6EDE27FD846E0016E35A /* AppDelegate.swift */ = {isa = PBXFileReference; lastKnownFileType = sourcecode.swift; path = AppDelegate.swift; sourceTree = "<group>"; };
		107D6EE027FD846E0016E35A /* SceneDelegate.swift */ = {isa = PBXFileReference; lastKnownFileType = sourcecode.swift; path = SceneDelegate.swift; sourceTree = "<group>"; };
		107D6EE227FD846E0016E35A /* HomeViewController.swift */ = {isa = PBXFileReference; lastKnownFileType = sourcecode.swift; path = HomeViewController.swift; sourceTree = "<group>"; };
		107D6EE727FD846E0016E35A /* Assets.xcassets */ = {isa = PBXFileReference; lastKnownFileType = folder.assetcatalog; path = Assets.xcassets; sourceTree = "<group>"; };
		107D6EEA27FD846E0016E35A /* Base */ = {isa = PBXFileReference; lastKnownFileType = file.storyboard; name = Base; path = Base.lproj/LaunchScreen.storyboard; sourceTree = "<group>"; };
		107D6EEC27FD846E0016E35A /* Info.plist */ = {isa = PBXFileReference; lastKnownFileType = text.plist.xml; path = Info.plist; sourceTree = "<group>"; };
		107D6EF727FD881F0016E35A /* TabBarViewController.swift */ = {isa = PBXFileReference; lastKnownFileType = sourcecode.swift; path = TabBarViewController.swift; sourceTree = "<group>"; };
		107D6EF927FD88C10016E35A /* SearchViewController.swift */ = {isa = PBXFileReference; lastKnownFileType = sourcecode.swift; path = SearchViewController.swift; sourceTree = "<group>"; };
		107D6EFB27FD88CE0016E35A /* LibraryViewController.swift */ = {isa = PBXFileReference; lastKnownFileType = sourcecode.swift; path = LibraryViewController.swift; sourceTree = "<group>"; };
		107D6EFF27FD89220016E35A /* AuthViewController.swift */ = {isa = PBXFileReference; lastKnownFileType = sourcecode.swift; path = AuthViewController.swift; sourceTree = "<group>"; };
		107D6F0127FD8ADE0016E35A /* WelcomeViewController.swift */ = {isa = PBXFileReference; lastKnownFileType = sourcecode.swift; path = WelcomeViewController.swift; sourceTree = "<group>"; };
		107D6F0327FD8B4A0016E35A /* SettingsViewController.swift */ = {isa = PBXFileReference; lastKnownFileType = sourcecode.swift; path = SettingsViewController.swift; sourceTree = "<group>"; };
		107D6F0527FD8B5E0016E35A /* ProfileViewController.swift */ = {isa = PBXFileReference; lastKnownFileType = sourcecode.swift; path = ProfileViewController.swift; sourceTree = "<group>"; };
		107D6F0727FD8B6F0016E35A /* PlayerViewController.swift */ = {isa = PBXFileReference; lastKnownFileType = sourcecode.swift; path = PlayerViewController.swift; sourceTree = "<group>"; };
		107D6F0927FD8B950016E35A /* PlaylistViewController.swift */ = {isa = PBXFileReference; lastKnownFileType = sourcecode.swift; path = PlaylistViewController.swift; sourceTree = "<group>"; };
		107D6F0B27FD8BA30016E35A /* SearchResultsViewController.swift */ = {isa = PBXFileReference; lastKnownFileType = sourcecode.swift; path = SearchResultsViewController.swift; sourceTree = "<group>"; };
		107D6F0D27FD8BF80016E35A /* AuthService.swift */ = {isa = PBXFileReference; lastKnownFileType = sourcecode.swift; path = AuthService.swift; sourceTree = "<group>"; };
		107D6F0F27FD8C080016E35A /* APICaller.swift */ = {isa = PBXFileReference; lastKnownFileType = sourcecode.swift; path = APICaller.swift; sourceTree = "<group>"; };
		107D6F1127FD8C260016E35A /* HapticsManager.swift */ = {isa = PBXFileReference; lastKnownFileType = sourcecode.swift; path = HapticsManager.swift; sourceTree = "<group>"; };
		107D6F1327FD8C9E0016E35A /* Playlist.swift */ = {isa = PBXFileReference; lastKnownFileType = sourcecode.swift; path = Playlist.swift; sourceTree = "<group>"; };
		107D6F1527FD8CA60016E35A /* AudioTrack.swift */ = {isa = PBXFileReference; lastKnownFileType = sourcecode.swift; path = AudioTrack.swift; sourceTree = "<group>"; };
		107D6F1727FD8CC00016E35A /* Artist.swift */ = {isa = PBXFileReference; lastKnownFileType = sourcecode.swift; path = Artist.swift; sourceTree = "<group>"; };
		107D6F1927FD8CD00016E35A /* UserProfile.swift */ = {isa = PBXFileReference; lastKnownFileType = sourcecode.swift; path = UserProfile.swift; sourceTree = "<group>"; };
/* End PBXFileReference section */

/* Begin PBXFrameworksBuildPhase section */
		107D6ED827FD846E0016E35A /* Frameworks */ = {
			isa = PBXFrameworksBuildPhase;
			buildActionMask = 2147483647;
			files = (
			);
			runOnlyForDeploymentPostprocessing = 0;
		};
/* End PBXFrameworksBuildPhase section */

/* Begin PBXGroup section */
		107D6ED227FD846E0016E35A = {
			isa = PBXGroup;
			children = (
				107D6EDD27FD846E0016E35A /* Spotify */,
				107D6EDC27FD846E0016E35A /* Products */,
			);
			sourceTree = "<group>";
		};
		107D6EDC27FD846E0016E35A /* Products */ = {
			isa = PBXGroup;
			children = (
				107D6EDB27FD846E0016E35A /* Spotify.app */,
			);
			name = Products;
			sourceTree = "<group>";
		};
		107D6EDD27FD846E0016E35A /* Spotify */ = {
			isa = PBXGroup;
			children = (
				107D6EDE27FD846E0016E35A /* AppDelegate.swift */,
				107D6EE027FD846E0016E35A /* SceneDelegate.swift */,
				107D6EF527FD84960016E35A /* Models */,
				107D6EF327FD848A0016E35A /* Views */,
				107D6EF427FD848E0016E35A /* Controllers */,
				107D6EF627FD84A40016E35A /* Services */,
				107D6EF227FD84850016E35A /* Files */,
			);
			path = Spotify;
			sourceTree = "<group>";
		};
		107D6EF227FD84850016E35A /* Files */ = {
			isa = PBXGroup;
			children = (
				107D6EE727FD846E0016E35A /* Assets.xcassets */,
				107D6EEC27FD846E0016E35A /* Info.plist */,
			);
			path = Files;
			sourceTree = "<group>";
		};
		107D6EF327FD848A0016E35A /* Views */ = {
			isa = PBXGroup;
			children = (
				107D6EE927FD846E0016E35A /* LaunchScreen.storyboard */,
			);
			path = Views;
			sourceTree = "<group>";
		};
		107D6EF427FD848E0016E35A /* Controllers */ = {
			isa = PBXGroup;
			children = (
				107D6EFE27FD89040016E35A /* Other */,
				107D6EFD27FD88F70016E35A /* Core */,
			);
			path = Controllers;
			sourceTree = "<group>";
		};
		107D6EF527FD84960016E35A /* Models */ = {
			isa = PBXGroup;
			children = (
				107D6F1327FD8C9E0016E35A /* Playlist.swift */,
				107D6F1527FD8CA60016E35A /* AudioTrack.swift */,
				107D6F1727FD8CC00016E35A /* Artist.swift */,
				107D6F1927FD8CD00016E35A /* UserProfile.swift */,
			);
			path = Models;
			sourceTree = "<group>";
		};
		107D6EF627FD84A40016E35A /* Services */ = {
			isa = PBXGroup;
			children = (
				107D6F0D27FD8BF80016E35A /* AuthService.swift */,
				107D6F0F27FD8C080016E35A /* APICaller.swift */,
				107D6F1127FD8C260016E35A /* HapticsManager.swift */,
			);
			path = Services;
			sourceTree = "<group>";
		};
		107D6EFD27FD88F70016E35A /* Core */ = {
			isa = PBXGroup;
			children = (
				107D6EE227FD846E0016E35A /* HomeViewController.swift */,
				107D6EF727FD881F0016E35A /* TabBarViewController.swift */,
				107D6EF927FD88C10016E35A /* SearchViewController.swift */,
				107D6EFB27FD88CE0016E35A /* LibraryViewController.swift */,
			);
			path = Core;
			sourceTree = "<group>";
		};
		107D6EFE27FD89040016E35A /* Other */ = {
			isa = PBXGroup;
			children = (
				107D6EFF27FD89220016E35A /* AuthViewController.swift */,
				107D6F0127FD8ADE0016E35A /* WelcomeViewController.swift */,
				107D6F0327FD8B4A0016E35A /* SettingsViewController.swift */,
				107D6F0527FD8B5E0016E35A /* ProfileViewController.swift */,
				107D6F0727FD8B6F0016E35A /* PlayerViewController.swift */,
				107D6F0927FD8B950016E35A /* PlaylistViewController.swift */,
				107D6F0B27FD8BA30016E35A /* SearchResultsViewController.swift */,
			);
			path = Other;
			sourceTree = "<group>";
		};
/* End PBXGroup section */

/* Begin PBXNativeTarget section */
		107D6EDA27FD846E0016E35A /* Spotify */ = {
			isa = PBXNativeTarget;
			buildConfigurationList = 107D6EEF27FD846E0016E35A /* Build configuration list for PBXNativeTarget "Spotify" */;
			buildPhases = (
				107D6ED727FD846E0016E35A /* Sources */,
				107D6ED827FD846E0016E35A /* Frameworks */,
				107D6ED927FD846E0016E35A /* Resources */,
			);
			buildRules = (
			);
			dependencies = (
			);
			name = Spotify;
			productName = Spotify;
			productReference = 107D6EDB27FD846E0016E35A /* Spotify.app */;
			productType = "com.apple.product-type.application";
		};
/* End PBXNativeTarget section */

/* Begin PBXProject section */
		107D6ED327FD846E0016E35A /* Project object */ = {
			isa = PBXProject;
			attributes = {
				BuildIndependentTargetsInParallel = 1;
				LastSwiftUpdateCheck = 1330;
				LastUpgradeCheck = 1330;
				TargetAttributes = {
					107D6EDA27FD846E0016E35A = {
						CreatedOnToolsVersion = 13.3;
					};
				};
			};
			buildConfigurationList = 107D6ED627FD846E0016E35A /* Build configuration list for PBXProject "Spotify" */;
			compatibilityVersion = "Xcode 13.0";
			developmentRegion = en;
			hasScannedForEncodings = 0;
			knownRegions = (
				en,
				Base,
			);
			mainGroup = 107D6ED227FD846E0016E35A;
			productRefGroup = 107D6EDC27FD846E0016E35A /* Products */;
			projectDirPath = "";
			projectRoot = "";
			targets = (
				107D6EDA27FD846E0016E35A /* Spotify */,
			);
		};
/* End PBXProject section */

/* Begin PBXResourcesBuildPhase section */
		107D6ED927FD846E0016E35A /* Resources */ = {
			isa = PBXResourcesBuildPhase;
			buildActionMask = 2147483647;
			files = (
				107D6EEB27FD846E0016E35A /* LaunchScreen.storyboard in Resources */,
				107D6EE827FD846E0016E35A /* Assets.xcassets in Resources */,
			);
			runOnlyForDeploymentPostprocessing = 0;
		};
/* End PBXResourcesBuildPhase section */

/* Begin PBXSourcesBuildPhase section */
		107D6ED727FD846E0016E35A /* Sources */ = {
			isa = PBXSourcesBuildPhase;
			buildActionMask = 2147483647;
			files = (
				107D6EFA27FD88C20016E35A /* SearchViewController.swift in Sources */,
				107D6F1427FD8C9E0016E35A /* Playlist.swift in Sources */,
				107D6F0C27FD8BA30016E35A /* SearchResultsViewController.swift in Sources */,
				107D6F0227FD8ADE0016E35A /* WelcomeViewController.swift in Sources */,
				107D6F0627FD8B5E0016E35A /* ProfileViewController.swift in Sources */,
				107D6EF827FD881F0016E35A /* TabBarViewController.swift in Sources */,
				107D6EE327FD846E0016E35A /* HomeViewController.swift in Sources */,
				107D6F1227FD8C260016E35A /* HapticsManager.swift in Sources */,
				107D6F1627FD8CA60016E35A /* AudioTrack.swift in Sources */,
				107D6F0027FD89220016E35A /* AuthViewController.swift in Sources */,
				107D6EDF27FD846E0016E35A /* AppDelegate.swift in Sources */,
				107D6EFC27FD88CE0016E35A /* LibraryViewController.swift in Sources */,
				107D6F1A27FD8CD00016E35A /* UserProfile.swift in Sources */,
				107D6F0A27FD8B950016E35A /* PlaylistViewController.swift in Sources */,
				107D6F1827FD8CC00016E35A /* Artist.swift in Sources */,
				107D6EE127FD846E0016E35A /* SceneDelegate.swift in Sources */,
				107D6F0827FD8B6F0016E35A /* PlayerViewController.swift in Sources */,
				107D6F0427FD8B4A0016E35A /* SettingsViewController.swift in Sources */,
				107D6F1027FD8C080016E35A /* APICaller.swift in Sources */,
				107D6F0E27FD8BF80016E35A /* AuthService.swift in Sources */,
			);
			runOnlyForDeploymentPostprocessing = 0;
		};
/* End PBXSourcesBuildPhase section */

/* Begin PBXVariantGroup section */
		107D6EE927FD846E0016E35A /* LaunchScreen.storyboard */ = {
			isa = PBXVariantGroup;
			children = (
				107D6EEA27FD846E0016E35A /* Base */,
			);
			name = LaunchScreen.storyboard;
			sourceTree = "<group>";
		};
/* End PBXVariantGroup section */

/* Begin XCBuildConfiguration section */
		107D6EED27FD846E0016E35A /* Debug */ = {
			isa = XCBuildConfiguration;
			buildSettings = {
				ALWAYS_SEARCH_USER_PATHS = NO;
				CLANG_ANALYZER_NONNULL = YES;
				CLANG_ANALYZER_NUMBER_OBJECT_CONVERSION = YES_AGGRESSIVE;
				CLANG_CXX_LANGUAGE_STANDARD = "gnu++17";
				CLANG_ENABLE_MODULES = YES;
				CLANG_ENABLE_OBJC_ARC = YES;
				CLANG_ENABLE_OBJC_WEAK = YES;
				CLANG_WARN_BLOCK_CAPTURE_AUTORELEASING = YES;
				CLANG_WARN_BOOL_CONVERSION = YES;
				CLANG_WARN_COMMA = YES;
				CLANG_WARN_CONSTANT_CONVERSION = YES;
				CLANG_WARN_DEPRECATED_OBJC_IMPLEMENTATIONS = YES;
				CLANG_WARN_DIRECT_OBJC_ISA_USAGE = YES_ERROR;
				CLANG_WARN_DOCUMENTATION_COMMENTS = YES;
				CLANG_WARN_EMPTY_BODY = YES;
				CLANG_WARN_ENUM_CONVERSION = YES;
				CLANG_WARN_INFINITE_RECURSION = YES;
				CLANG_WARN_INT_CONVERSION = YES;
				CLANG_WARN_NON_LITERAL_NULL_CONVERSION = YES;
				CLANG_WARN_OBJC_IMPLICIT_RETAIN_SELF = YES;
				CLANG_WARN_OBJC_LITERAL_CONVERSION = YES;
				CLANG_WARN_OBJC_ROOT_CLASS = YES_ERROR;
				CLANG_WARN_QUOTED_INCLUDE_IN_FRAMEWORK_HEADER = YES;
				CLANG_WARN_RANGE_LOOP_ANALYSIS = YES;
				CLANG_WARN_STRICT_PROTOTYPES = YES;
				CLANG_WARN_SUSPICIOUS_MOVE = YES;
				CLANG_WARN_UNGUARDED_AVAILABILITY = YES_AGGRESSIVE;
				CLANG_WARN_UNREACHABLE_CODE = YES;
				CLANG_WARN__DUPLICATE_METHOD_MATCH = YES;
				COPY_PHASE_STRIP = NO;
				DEBUG_INFORMATION_FORMAT = dwarf;
				ENABLE_STRICT_OBJC_MSGSEND = YES;
				ENABLE_TESTABILITY = YES;
				GCC_C_LANGUAGE_STANDARD = gnu11;
				GCC_DYNAMIC_NO_PIC = NO;
				GCC_NO_COMMON_BLOCKS = YES;
				GCC_OPTIMIZATION_LEVEL = 0;
				GCC_PREPROCESSOR_DEFINITIONS = (
					"DEBUG=1",
					"$(inherited)",
				);
				GCC_WARN_64_TO_32_BIT_CONVERSION = YES;
				GCC_WARN_ABOUT_RETURN_TYPE = YES_ERROR;
				GCC_WARN_UNDECLARED_SELECTOR = YES;
				GCC_WARN_UNINITIALIZED_AUTOS = YES_AGGRESSIVE;
				GCC_WARN_UNUSED_FUNCTION = YES;
				GCC_WARN_UNUSED_VARIABLE = YES;
				IPHONEOS_DEPLOYMENT_TARGET = 15.4;
				MTL_ENABLE_DEBUG_INFO = INCLUDE_SOURCE;
				MTL_FAST_MATH = YES;
				ONLY_ACTIVE_ARCH = YES;
				SDKROOT = iphoneos;
				SWIFT_ACTIVE_COMPILATION_CONDITIONS = DEBUG;
				SWIFT_OPTIMIZATION_LEVEL = "-Onone";
			};
			name = Debug;
		};
		107D6EEE27FD846E0016E35A /* Release */ = {
			isa = XCBuildConfiguration;
			buildSettings = {
				ALWAYS_SEARCH_USER_PATHS = NO;
				CLANG_ANALYZER_NONNULL = YES;
				CLANG_ANALYZER_NUMBER_OBJECT_CONVERSION = YES_AGGRESSIVE;
				CLANG_CXX_LANGUAGE_STANDARD = "gnu++17";
				CLANG_ENABLE_MODULES = YES;
				CLANG_ENABLE_OBJC_ARC = YES;
				CLANG_ENABLE_OBJC_WEAK = YES;
				CLANG_WARN_BLOCK_CAPTURE_AUTORELEASING = YES;
				CLANG_WARN_BOOL_CONVERSION = YES;
				CLANG_WARN_COMMA = YES;
				CLANG_WARN_CONSTANT_CONVERSION = YES;
				CLANG_WARN_DEPRECATED_OBJC_IMPLEMENTATIONS = YES;
				CLANG_WARN_DIRECT_OBJC_ISA_USAGE = YES_ERROR;
				CLANG_WARN_DOCUMENTATION_COMMENTS = YES;
				CLANG_WARN_EMPTY_BODY = YES;
				CLANG_WARN_ENUM_CONVERSION = YES;
				CLANG_WARN_INFINITE_RECURSION = YES;
				CLANG_WARN_INT_CONVERSION = YES;
				CLANG_WARN_NON_LITERAL_NULL_CONVERSION = YES;
				CLANG_WARN_OBJC_IMPLICIT_RETAIN_SELF = YES;
				CLANG_WARN_OBJC_LITERAL_CONVERSION = YES;
				CLANG_WARN_OBJC_ROOT_CLASS = YES_ERROR;
				CLANG_WARN_QUOTED_INCLUDE_IN_FRAMEWORK_HEADER = YES;
				CLANG_WARN_RANGE_LOOP_ANALYSIS = YES;
				CLANG_WARN_STRICT_PROTOTYPES = YES;
				CLANG_WARN_SUSPICIOUS_MOVE = YES;
				CLANG_WARN_UNGUARDED_AVAILABILITY = YES_AGGRESSIVE;
				CLANG_WARN_UNREACHABLE_CODE = YES;
				CLANG_WARN__DUPLICATE_METHOD_MATCH = YES;
				COPY_PHASE_STRIP = NO;
				DEBUG_INFORMATION_FORMAT = "dwarf-with-dsym";
				ENABLE_NS_ASSERTIONS = NO;
				ENABLE_STRICT_OBJC_MSGSEND = YES;
				GCC_C_LANGUAGE_STANDARD = gnu11;
				GCC_NO_COMMON_BLOCKS = YES;
				GCC_WARN_64_TO_32_BIT_CONVERSION = YES;
				GCC_WARN_ABOUT_RETURN_TYPE = YES_ERROR;
				GCC_WARN_UNDECLARED_SELECTOR = YES;
				GCC_WARN_UNINITIALIZED_AUTOS = YES_AGGRESSIVE;
				GCC_WARN_UNUSED_FUNCTION = YES;
				GCC_WARN_UNUSED_VARIABLE = YES;
				IPHONEOS_DEPLOYMENT_TARGET = 15.4;
				MTL_ENABLE_DEBUG_INFO = NO;
				MTL_FAST_MATH = YES;
				SDKROOT = iphoneos;
				SWIFT_COMPILATION_MODE = wholemodule;
				SWIFT_OPTIMIZATION_LEVEL = "-O";
				VALIDATE_PRODUCT = YES;
			};
			name = Release;
		};
		107D6EF027FD846E0016E35A /* Debug */ = {
			isa = XCBuildConfiguration;
			buildSettings = {
				ASSETCATALOG_COMPILER_APPICON_NAME = AppIcon;
				ASSETCATALOG_COMPILER_GLOBAL_ACCENT_COLOR_NAME = AccentColor;
				CODE_SIGN_STYLE = Automatic;
				CURRENT_PROJECT_VERSION = 1;
				GENERATE_INFOPLIST_FILE = YES;
				INFOPLIST_FILE = Spotify/Files/Info.plist;
				INFOPLIST_KEY_UIApplicationSupportsIndirectInputEvents = YES;
				INFOPLIST_KEY_UILaunchStoryboardName = LaunchScreen;
				INFOPLIST_KEY_UISupportedInterfaceOrientations_iPad = "UIInterfaceOrientationPortrait UIInterfaceOrientationPortraitUpsideDown UIInterfaceOrientationLandscapeLeft UIInterfaceOrientationLandscapeRight";
				INFOPLIST_KEY_UISupportedInterfaceOrientations_iPhone = "UIInterfaceOrientationPortrait UIInterfaceOrientationLandscapeLeft UIInterfaceOrientationLandscapeRight";
				LD_RUNPATH_SEARCH_PATHS = (
					"$(inherited)",
					"@executable_path/Frameworks",
				);
				MARKETING_VERSION = 1.0;
				PRODUCT_BUNDLE_IDENTIFIER = com.myapps.Spotify;
				PRODUCT_NAME = "$(TARGET_NAME)";
				SWIFT_EMIT_LOC_STRINGS = YES;
				SWIFT_VERSION = 5.0;
				TARGETED_DEVICE_FAMILY = "1,2";
			};
			name = Debug;
		};
		107D6EF127FD846E0016E35A /* Release */ = {
			isa = XCBuildConfiguration;
			buildSettings = {
				ASSETCATALOG_COMPILER_APPICON_NAME = AppIcon;
				ASSETCATALOG_COMPILER_GLOBAL_ACCENT_COLOR_NAME = AccentColor;
				CODE_SIGN_STYLE = Automatic;
				CURRENT_PROJECT_VERSION = 1;
				GENERATE_INFOPLIST_FILE = YES;
				INFOPLIST_FILE = Spotify/Files/Info.plist;
				INFOPLIST_KEY_UIApplicationSupportsIndirectInputEvents = YES;
				INFOPLIST_KEY_UILaunchStoryboardName = LaunchScreen;
				INFOPLIST_KEY_UISupportedInterfaceOrientations_iPad = "UIInterfaceOrientationPortrait UIInterfaceOrientationPortraitUpsideDown UIInterfaceOrientationLandscapeLeft UIInterfaceOrientationLandscapeRight";
				INFOPLIST_KEY_UISupportedInterfaceOrientations_iPhone = "UIInterfaceOrientationPortrait UIInterfaceOrientationLandscapeLeft UIInterfaceOrientationLandscapeRight";
				LD_RUNPATH_SEARCH_PATHS = (
					"$(inherited)",
					"@executable_path/Frameworks",
				);
				MARKETING_VERSION = 1.0;
				PRODUCT_BUNDLE_IDENTIFIER = com.myapps.Spotify;
				PRODUCT_NAME = "$(TARGET_NAME)";
				SWIFT_EMIT_LOC_STRINGS = YES;
				SWIFT_VERSION = 5.0;
				TARGETED_DEVICE_FAMILY = "1,2";
			};
			name = Release;
		};
/* End XCBuildConfiguration section */

/* Begin XCConfigurationList section */
		107D6ED627FD846E0016E35A /* Build configuration list for PBXProject "Spotify" */ = {
			isa = XCConfigurationList;
			buildConfigurations = (
				107D6EED27FD846E0016E35A /* Debug */,
				107D6EEE27FD846E0016E35A /* Release */,
			);
			defaultConfigurationIsVisible = 0;
			defaultConfigurationName = Release;
		};
		107D6EEF27FD846E0016E35A /* Build configuration list for PBXNativeTarget "Spotify" */ = {
			isa = XCConfigurationList;
			buildConfigurations = (
				107D6EF027FD846E0016E35A /* Debug */,
				107D6EF127FD846E0016E35A /* Release */,
			);
			defaultConfigurationIsVisible = 0;
			defaultConfigurationName = Release;
		};
/* End XCConfigurationList section */
	};
	rootObject = 107D6ED327FD846E0016E35A /* Project object */;
}
